
Microsoft Visual Studio Solution File, Format Version 12.00
# Visual Studio 2013
VisualStudioVersion = 12.0.30110.0
MinimumVisualStudioVersion = 10.0.40219.1
Project("{2150E333-8FDC-42A3-9474-1A3956D46DE8}") = "1. Unidades", "1. Unidades", "{B48A3D23-C243-4FFD-80E5-BB722E8257B4}"
EndProject
Project("{2150E333-8FDC-42A3-9474-1A3956D46DE8}") = "2. Medindo a Febre", "2. Medindo a Febre", "{74A71C59-E239-4C36-A7D8-A1824D96672C}"
EndProject
Project("{FAE04EC0-301F-11D3-BF4B-00C04F79EFBC}") = "UNIDADE II", "UNIDADE II\UNIDADE II.csproj", "{0BE50521-850C-4573-9B64-306988CE3568}"
EndProject
Project("{FAE04EC0-301F-11D3-BF4B-00C04F79EFBC}") = "UNIDADE III", "UNIDADE III\UNIDADE III.csproj", "{A37A6909-E285-400A-9FAA-E5C0C517D878}"
EndProject
Project("{FAE04EC0-301F-11D3-BF4B-00C04F79EFBC}") = "UNIDADE IV", "UNIDADE IV\UNIDADE IV.csproj", "{7BF395E9-AE58-4F87-99A9-2162FB0C9F66}"
EndProject
Project("{FAE04EC0-301F-11D3-BF4B-00C04F79EFBC}") = "UNIDADE VI", "UNIDADE VI\UNIDADE VI.csproj", "{E1C8F1E3-3A68-44EC-9698-5DBA95DC5D83}"
EndProject
Project("{FAE04EC0-301F-11D3-BF4B-00C04F79EFBC}") = "MedindoAFebreIII", "MedindoAFebreIII\MedindoAFebreIII.csproj", "{EC7F9632-6AF0-45D4-92E2-0C8A34743543}"
EndProject
Global
	GlobalSection(SolutionConfigurationPlatforms) = preSolution
		Debug|Any CPU = Debug|Any CPU
		Release|Any CPU = Release|Any CPU
	EndGlobalSection
	GlobalSection(ProjectConfigurationPlatforms) = postSolution
		{0BE50521-850C-4573-9B64-306988CE3568}.Debug|Any CPU.ActiveCfg = Debug|Any CPU
		{0BE50521-850C-4573-9B64-306988CE3568}.Debug|Any CPU.Build.0 = Debug|Any CPU
		{0BE50521-850C-4573-9B64-306988CE3568}.Release|Any CPU.ActiveCfg = Release|Any CPU
		{0BE50521-850C-4573-9B64-306988CE3568}.Release|Any CPU.Build.0 = Release|Any CPU
		{A37A6909-E285-400A-9FAA-E5C0C517D878}.Debug|Any CPU.ActiveCfg = Debug|Any CPU
		{A37A6909-E285-400A-9FAA-E5C0C517D878}.Debug|Any CPU.Build.0 = Debug|Any CPU
		{A37A6909-E285-400A-9FAA-E5C0C517D878}.Release|Any CPU.ActiveCfg = Release|Any CPU
		{A37A6909-E285-400A-9FAA-E5C0C517D878}.Release|Any CPU.Build.0 = Release|Any CPU
		{7BF395E9-AE58-4F87-99A9-2162FB0C9F66}.Debug|Any CPU.ActiveCfg = Debug|Any CPU
		{7BF395E9-AE58-4F87-99A9-2162FB0C9F66}.Debug|Any CPU.Build.0 = Debug|Any CPU
		{7BF395E9-AE58-4F87-99A9-2162FB0C9F66}.Release|Any CPU.ActiveCfg = Release|Any CPU
		{7BF395E9-AE58-4F87-99A9-2162FB0C9F66}.Release|Any CPU.Build.0 = Release|Any CPU
		{E1C8F1E3-3A68-44EC-9698-5DBA95DC5D83}.Debug|Any CPU.ActiveCfg = Debug|Any CPU
		{E1C8F1E3-3A68-44EC-9698-5DBA95DC5D83}.Debug|Any CPU.Build.0 = Debug|Any CPU
		{E1C8F1E3-3A68-44EC-9698-5DBA95DC5D83}.Release|Any CPU.ActiveCfg = Release|Any CPU
		{E1C8F1E3-3A68-44EC-9698-5DBA95DC5D83}.Release|Any CPU.Build.0 = Release|Any CPU
		{EC7F9632-6AF0-45D4-92E2-0C8A34743543}.Debug|Any CPU.ActiveCfg = Debug|Any CPU
		{EC7F9632-6AF0-45D4-92E2-0C8A34743543}.Debug|Any CPU.Build.0 = Debug|Any CPU
		{EC7F9632-6AF0-45D4-92E2-0C8A34743543}.Release|Any CPU.ActiveCfg = Release|Any CPU
		{EC7F9632-6AF0-45D4-92E2-0C8A34743543}.Release|Any CPU.Build.0 = Release|Any CPU
	EndGlobalSection
	GlobalSection(SolutionProperties) = preSolution
		HideSolutionNode = FALSE
	EndGlobalSection
	GlobalSection(NestedProjects) = preSolution
		{0BE50521-850C-4573-9B64-306988CE3568} = {B48A3D23-C243-4FFD-80E5-BB722E8257B4}
		{A37A6909-E285-400A-9FAA-E5C0C517D878} = {B48A3D23-C243-4FFD-80E5-BB722E8257B4}
		{7BF395E9-AE58-4F87-99A9-2162FB0C9F66} = {B48A3D23-C243-4FFD-80E5-BB722E8257B4}
		{E1C8F1E3-3A68-44EC-9698-5DBA95DC5D83} = {B48A3D23-C243-4FFD-80E5-BB722E8257B4}
		{EC7F9632-6AF0-45D4-92E2-0C8A34743543} = {74A71C59-E239-4C36-A7D8-A1824D96672C}
	EndGlobalSection
EndGlobal
