
Microsoft Visual Studio Solution File, Format Version 12.00
# Visual Studio 2013
VisualStudioVersion = 12.0.30110.0
MinimumVisualStudioVersion = 10.0.40219.1
Project("{2150E333-8FDC-42A3-9474-1A3956D46DE8}") = "1. Unidades", "1. Unidades", "{B48A3D23-C243-4FFD-80E5-BB722E8257B4}"
EndProject
Project("{2150E333-8FDC-42A3-9474-1A3956D46DE8}") = "2. Medindo a Febre", "2. Medindo a Febre", "{74A71C59-E239-4C36-A7D8-A1824D96672C}"
EndProject
Project("{FAE04EC0-301F-11D3-BF4B-00C04F79EFBC}") = "UNIDADE II", "UNIDADE II\UNIDADE II.csproj", "{0BE50521-850C-4573-9B64-306988CE3568}"
EndProject
Project("{FAE04EC0-301F-11D3-BF4B-00C04F79EFBC}") = "UNIDADE III", "UNIDADE III\UNIDADE III.csproj", "{A37A6909-E285-400A-9FAA-E5C0C517D878}"
EndProject
Project("{FAE04EC0-301F-11D3-BF4B-00C04F79EFBC}") = "UNIDADE IV", "UNIDADE IV\UNIDADE IV.csproj", "{7BF395E9-AE58-4F87-99A9-2162FB0C9F66}"
EndProject
Project("{FAE04EC0-301F-11D3-BF4B-00C04F79EFBC}") = "UNIDADE VI", "UNIDADE VI\UNIDADE VI.csproj", "{E1C8F1E3-3A68-44EC-9698-5DBA95DC5D83}"
EndProject
Project("{FAE04EC0-301F-11D3-BF4B-00C04F79EFBC}") = "MedindoAFebreIII", "MedindoAFebreIII\MedindoAFebreIII.csproj", "{EC7F9632-6AF0-45D4-92E2-0C8A34743543}"
EndProject
Project("{2150E333-8FDC-42A3-9474-1A3956D46DE8}") = "3. Material", "3. Material", "{B9660177-EF05-49D4-81D2-FBFAE8C060D1}"
EndProject
Project("{FAE04EC0-301F-11D3-BF4B-00C04F79EFBC}") = "Slides", "Slides\Slides.csproj", "{7E7F665F-BCB5-40E8-851C-66442099A287}"
EndProject
Project("{FAE04EC0-301F-11D3-BF4B-00C04F79EFBC}") = "UNIDADE VII", "UNIDADE VII\UNIDADE VII.csproj", "{4B96EBC4-366E-4B37-9A55-5A120187D25C}"
EndProject
Project("{FAE04EC0-301F-11D3-BF4B-00C04F79EFBC}") = "Apostilas", "Apostilas\Apostilas.csproj", "{247D0ACD-8F26-40D4-BE79-9B45EBC8159F}"
EndProject
Project("{FAE04EC0-301F-11D3-BF4B-00C04F79EFBC}") = "MedindoAFebre", "MedindoAFebre\MedindoAFebre.csproj", "{329376E6-F85F-4B5F-A09A-E2BB7B8F032F}"
EndProject
Project("{FAE04EC0-301F-11D3-BF4B-00C04F79EFBC}") = "MendindoAFebreV", "MendindoAFebreV\MendindoAFebreV.csproj", "{32C17350-03DA-4104-871F-8BE166198118}"
EndProject
Global
	GlobalSection(SolutionConfigurationPlatforms) = preSolution
		Debug|Any CPU = Debug|Any CPU
		Release|Any CPU = Release|Any CPU
	EndGlobalSection
	GlobalSection(ProjectConfigurationPlatforms) = postSolution
		{0BE50521-850C-4573-9B64-306988CE3568}.Debug|Any CPU.ActiveCfg = Debug|Any CPU
		{0BE50521-850C-4573-9B64-306988CE3568}.Debug|Any CPU.Build.0 = Debug|Any CPU
		{0BE50521-850C-4573-9B64-306988CE3568}.Release|Any CPU.ActiveCfg = Release|Any CPU
		{0BE50521-850C-4573-9B64-306988CE3568}.Release|Any CPU.Build.0 = Release|Any CPU
		{A37A6909-E285-400A-9FAA-E5C0C517D878}.Debug|Any CPU.ActiveCfg = Debug|Any CPU
		{A37A6909-E285-400A-9FAA-E5C0C517D878}.Debug|Any CPU.Build.0 = Debug|Any CPU
		{A37A6909-E285-400A-9FAA-E5C0C517D878}.Release|Any CPU.ActiveCfg = Release|Any CPU
		{A37A6909-E285-400A-9FAA-E5C0C517D878}.Release|Any CPU.Build.0 = Release|Any CPU
		{7BF395E9-AE58-4F87-99A9-2162FB0C9F66}.Debug|Any CPU.ActiveCfg = Debug|Any CPU
		{7BF395E9-AE58-4F87-99A9-2162FB0C9F66}.Debug|Any CPU.Build.0 = Debug|Any CPU
		{7BF395E9-AE58-4F87-99A9-2162FB0C9F66}.Release|Any CPU.ActiveCfg = Release|Any CPU
		{7BF395E9-AE58-4F87-99A9-2162FB0C9F66}.Release|Any CPU.Build.0 = Release|Any CPU
		{E1C8F1E3-3A68-44EC-9698-5DBA95DC5D83}.Debug|Any CPU.ActiveCfg = Debug|Any CPU
		{E1C8F1E3-3A68-44EC-9698-5DBA95DC5D83}.Debug|Any CPU.Build.0 = Debug|Any CPU
		{E1C8F1E3-3A68-44EC-9698-5DBA95DC5D83}.Release|Any CPU.ActiveCfg = Release|Any CPU
		{E1C8F1E3-3A68-44EC-9698-5DBA95DC5D83}.Release|Any CPU.Build.0 = Release|Any CPU
		{EC7F9632-6AF0-45D4-92E2-0C8A34743543}.Debug|Any CPU.ActiveCfg = Debug|Any CPU
		{EC7F9632-6AF0-45D4-92E2-0C8A34743543}.Debug|Any CPU.Build.0 = Debug|Any CPU
		{EC7F9632-6AF0-45D4-92E2-0C8A34743543}.Release|Any CPU.ActiveCfg = Release|Any CPU
		{EC7F9632-6AF0-45D4-92E2-0C8A34743543}.Release|Any CPU.Build.0 = Release|Any CPU
		{7E7F665F-BCB5-40E8-851C-66442099A287}.Debug|Any CPU.ActiveCfg = Debug|Any CPU
		{7E7F665F-BCB5-40E8-851C-66442099A287}.Debug|Any CPU.Build.0 = Debug|Any CPU
		{7E7F665F-BCB5-40E8-851C-66442099A287}.Release|Any CPU.ActiveCfg = Release|Any CPU
		{7E7F665F-BCB5-40E8-851C-66442099A287}.Release|Any CPU.Build.0 = Release|Any CPU
		{4B96EBC4-366E-4B37-9A55-5A120187D25C}.Debug|Any CPU.ActiveCfg = Debug|Any CPU
		{4B96EBC4-366E-4B37-9A55-5A120187D25C}.Debug|Any CPU.Build.0 = Debug|Any CPU
		{4B96EBC4-366E-4B37-9A55-5A120187D25C}.Release|Any CPU.ActiveCfg = Release|Any CPU
		{4B96EBC4-366E-4B37-9A55-5A120187D25C}.Release|Any CPU.Build.0 = Release|Any CPU
		{247D0ACD-8F26-40D4-BE79-9B45EBC8159F}.Debug|Any CPU.ActiveCfg = Debug|Any CPU
		{247D0ACD-8F26-40D4-BE79-9B45EBC8159F}.Debug|Any CPU.Build.0 = Debug|Any CPU
		{247D0ACD-8F26-40D4-BE79-9B45EBC8159F}.Release|Any CPU.ActiveCfg = Release|Any CPU
		{247D0ACD-8F26-40D4-BE79-9B45EBC8159F}.Release|Any CPU.Build.0 = Release|Any CPU
		{329376E6-F85F-4B5F-A09A-E2BB7B8F032F}.Debug|Any CPU.ActiveCfg = Debug|Any CPU
		{329376E6-F85F-4B5F-A09A-E2BB7B8F032F}.Debug|Any CPU.Build.0 = Debug|Any CPU
		{329376E6-F85F-4B5F-A09A-E2BB7B8F032F}.Release|Any CPU.ActiveCfg = Release|Any CPU
		{329376E6-F85F-4B5F-A09A-E2BB7B8F032F}.Release|Any CPU.Build.0 = Release|Any CPU
		{32C17350-03DA-4104-871F-8BE166198118}.Debug|Any CPU.ActiveCfg = Debug|Any CPU
		{32C17350-03DA-4104-871F-8BE166198118}.Debug|Any CPU.Build.0 = Debug|Any CPU
		{32C17350-03DA-4104-871F-8BE166198118}.Release|Any CPU.ActiveCfg = Release|Any CPU
		{32C17350-03DA-4104-871F-8BE166198118}.Release|Any CPU.Build.0 = Release|Any CPU
	EndGlobalSection
	GlobalSection(SolutionProperties) = preSolution
		HideSolutionNode = FALSE
	EndGlobalSection
	GlobalSection(NestedProjects) = preSolution
		{0BE50521-850C-4573-9B64-306988CE3568} = {B48A3D23-C243-4FFD-80E5-BB722E8257B4}
		{A37A6909-E285-400A-9FAA-E5C0C517D878} = {B48A3D23-C243-4FFD-80E5-BB722E8257B4}
		{7BF395E9-AE58-4F87-99A9-2162FB0C9F66} = {B48A3D23-C243-4FFD-80E5-BB722E8257B4}
		{E1C8F1E3-3A68-44EC-9698-5DBA95DC5D83} = {B48A3D23-C243-4FFD-80E5-BB722E8257B4}
		{4B96EBC4-366E-4B37-9A55-5A120187D25C} = {B48A3D23-C243-4FFD-80E5-BB722E8257B4}
		{EC7F9632-6AF0-45D4-92E2-0C8A34743543} = {74A71C59-E239-4C36-A7D8-A1824D96672C}
		{32C17350-03DA-4104-871F-8BE166198118} = {74A71C59-E239-4C36-A7D8-A1824D96672C}
		{7E7F665F-BCB5-40E8-851C-66442099A287} = {B9660177-EF05-49D4-81D2-FBFAE8C060D1}
		{247D0ACD-8F26-40D4-BE79-9B45EBC8159F} = {B9660177-EF05-49D4-81D2-FBFAE8C060D1}
		{329376E6-F85F-4B5F-A09A-E2BB7B8F032F} = {B9660177-EF05-49D4-81D2-FBFAE8C060D1}
	EndGlobalSection
EndGlobal
